
Microsoft Visual Studio Solution File, Format Version 12.00
# Visual Studio Version 16
VisualStudioVersion = 16.0.32901.82
MinimumVisualStudioVersion = 10.0.40219.1
Project("{FAE04EC0-301F-11D3-BF4B-00C04F79EFBC}") = "PersonalWebsiteTrial", "PersonalWebsiteTrial.csproj", "{831120C8-97EE-4BB9-9051-0FE0C0D7330A}"
EndProject
Global
	GlobalSection(SolutionConfigurationPlatforms) = preSolution
		Debug|Any CPU = Debug|Any CPU
		Release|Any CPU = Release|Any CPU
	EndGlobalSection
	GlobalSection(ProjectConfigurationPlatforms) = postSolution
		{831120C8-97EE-4BB9-9051-0FE0C0D7330A}.Debug|Any CPU.ActiveCfg = Debug|Any CPU
		{831120C8-97EE-4BB9-9051-0FE0C0D7330A}.Debug|Any CPU.Build.0 = Debug|Any CPU
		{831120C8-97EE-4BB9-9051-0FE0C0D7330A}.Release|Any CPU.ActiveCfg = Release|Any CPU
		{831120C8-97EE-4BB9-9051-0FE0C0D7330A}.Release|Any CPU.Build.0 = Release|Any CPU
	EndGlobalSection
	GlobalSection(SolutionProperties) = preSolution
		HideSolutionNode = FALSE
	EndGlobalSection
	GlobalSection(ExtensibilityGlobals) = postSolution
		SolutionGuid = {37056325-46BA-4650-8D16-199062E33EA9}
	EndGlobalSection
EndGlobal
